{
  "pins" : [
    {
      "identity" : "sightic-sdk-ios",
      "kind" : "remoteSourceControl",
      "location" : "https://github.com/SighticAnalytics/sightic-sdk-ios",
      "state" : {
        "revision" : "bc3388866aa20c5f50932d8e2a70d724f558813d",
        "version" : "0.4.0"
      }
    }
  ],
  "version" : 2
}
