{
  "pins" : [
    {
      "identity" : "sightic-sdk-ios",
      "kind" : "remoteSourceControl",
      "location" : "https://github.com/SighticAnalytics/sightic-sdk-ios",
      "state" : {
        "revision" : "6c6eaf66f346b406e3634a77490544f43228a9a0",
        "version" : "0.1.1"
      }
    }
  ],
  "version" : 2
}
