{
  "pins" : [
    {
      "identity" : "sightic-sdk-ios",
      "kind" : "remoteSourceControl",
      "location" : "https://github.com/SighticAnalytics/sightic-sdk-ios/",
      "state" : {
        "revision" : "be9cfe5568d11d773e176ed2d7acb6bb8d2bee9b",
        "version" : "1.3.2"
      }
    }
  ],
  "version" : 2
}
