{
  "pins" : [
    {
      "identity" : "sightic-sdk-ios",
      "kind" : "remoteSourceControl",
      "location" : "https://github.com/EyescannerTechnology/sightic-sdk-ios",
      "state" : {
        "branch" : "main",
        "revision" : "cbffc16a138e78bb603ff53613ae1be2c6e64354"
      }
    }
  ],
  "version" : 2
}
