{
  "pins" : [
    {
      "identity" : "sightic-sdk-ios",
      "kind" : "remoteSourceControl",
      "location" : "https://github.com/EyescannerTechnology/sightic-sdk-ios",
      "state" : {
        "revision" : "500ea9be27c399994705d2c3d9cecec61fe42e3b",
        "version" : "0.0.52"
      }
    }
  ],
  "version" : 2
}
