{
  "pins" : [
    {
      "identity" : "sightic-sdk-ios",
      "kind" : "remoteSourceControl",
      "location" : "https://github.com/SighticAnalytics/sightic-sdk-ios/",
      "state" : {
        "revision" : "131914069b9df82fe3735a3c9515eec16934b7da",
        "version" : "1.3.0"
      }
    }
  ],
  "version" : 2
}
