// !$*UTF8*$!
{
	archiveVersion = 1;
	classes = {
	};
	objectVersion = 56;
	objects = {

/* Begin PBXBuildFile section */
		1542272C294385FA005E3673 /* AlignmentHintViewController.swift in Sources */ = {isa = PBXBuildFile; fileRef = 1542272B294385FA005E3673 /* AlignmentHintViewController.swift */; };
		1565ABF928FEC51200B242A6 /* AppDelegate.swift in Sources */ = {isa = PBXBuildFile; fileRef = 1565ABF828FEC51200B242A6 /* AppDelegate.swift */; };
		1565ABFB28FEC51200B242A6 /* SceneDelegate.swift in Sources */ = {isa = PBXBuildFile; fileRef = 1565ABFA28FEC51200B242A6 /* SceneDelegate.swift */; };
		1565ABFD28FEC51200B242A6 /* StartViewController.swift in Sources */ = {isa = PBXBuildFile; fileRef = 1565ABFC28FEC51200B242A6 /* StartViewController.swift */; };
		1565AC0228FEC51300B242A6 /* Assets.xcassets in Resources */ = {isa = PBXBuildFile; fileRef = 1565AC0128FEC51300B242A6 /* Assets.xcassets */; };
		1565AC0528FEC51300B242A6 /* LaunchScreen.storyboard in Resources */ = {isa = PBXBuildFile; fileRef = 1565AC0328FEC51300B242A6 /* LaunchScreen.storyboard */; };
		1565AC0D28FEC95100B242A6 /* UILibrary.swift in Sources */ = {isa = PBXBuildFile; fileRef = 1565AC0C28FEC95100B242A6 /* UILibrary.swift */; };
		1565AC0F28FED16400B242A6 /* Model.swift in Sources */ = {isa = PBXBuildFile; fileRef = 1565AC0E28FED16400B242A6 /* Model.swift */; };
		1565AC1128FED34C00B242A6 /* HostViewController.swift in Sources */ = {isa = PBXBuildFile; fileRef = 1565AC1028FED34C00B242A6 /* HostViewController.swift */; };
		1565AC1328FEF17700B242A6 /* TestViewController.swift in Sources */ = {isa = PBXBuildFile; fileRef = 1565AC1228FEF17700B242A6 /* TestViewController.swift */; };
		1565AC1528FEF32100B242A6 /* WaitingViewController.swift in Sources */ = {isa = PBXBuildFile; fileRef = 1565AC1428FEF32100B242A6 /* WaitingViewController.swift */; };
		1565AC1728FEF34D00B242A6 /* ResultViewController.swift in Sources */ = {isa = PBXBuildFile; fileRef = 1565AC1628FEF34D00B242A6 /* ResultViewController.swift */; };
		15B184B3296C27DD003D0180 /* FeedbackViewController.swift in Sources */ = {isa = PBXBuildFile; fileRef = 15B184B2296C27DD003D0180 /* FeedbackViewController.swift */; };
		15C2AF49296C63DD007F8389 /* SighticAnalytics in Frameworks */ = {isa = PBXBuildFile; productRef = 15C2AF48296C63DD007F8389 /* SighticAnalytics */; };
		15D8ABE1290179330070079A /* ErrorViewController.swift in Sources */ = {isa = PBXBuildFile; fileRef = 15D8ABE0290179330070079A /* ErrorViewController.swift */; };
/* End PBXBuildFile section */

/* Begin PBXCopyFilesBuildPhase section */
		15D8ABDF290177E10070079A /* Embed Frameworks */ = {
			isa = PBXCopyFilesBuildPhase;
			buildActionMask = 2147483647;
			dstPath = "";
			dstSubfolderSpec = 10;
			files = (
			);
			name = "Embed Frameworks";
			runOnlyForDeploymentPostprocessing = 0;
		};
/* End PBXCopyFilesBuildPhase section */

/* Begin PBXFileReference section */
		1542272B294385FA005E3673 /* AlignmentHintViewController.swift */ = {isa = PBXFileReference; lastKnownFileType = sourcecode.swift; path = AlignmentHintViewController.swift; sourceTree = "<group>"; };
		1565ABF528FEC51200B242A6 /* SighticQuickstartUIKit.app */ = {isa = PBXFileReference; explicitFileType = wrapper.application; includeInIndex = 0; path = SighticQuickstartUIKit.app; sourceTree = BUILT_PRODUCTS_DIR; };
		1565ABF828FEC51200B242A6 /* AppDelegate.swift */ = {isa = PBXFileReference; lastKnownFileType = sourcecode.swift; path = AppDelegate.swift; sourceTree = "<group>"; };
		1565ABFA28FEC51200B242A6 /* SceneDelegate.swift */ = {isa = PBXFileReference; lastKnownFileType = sourcecode.swift; path = SceneDelegate.swift; sourceTree = "<group>"; };
		1565ABFC28FEC51200B242A6 /* StartViewController.swift */ = {isa = PBXFileReference; lastKnownFileType = sourcecode.swift; path = StartViewController.swift; sourceTree = "<group>"; };
		1565AC0128FEC51300B242A6 /* Assets.xcassets */ = {isa = PBXFileReference; lastKnownFileType = folder.assetcatalog; path = Assets.xcassets; sourceTree = "<group>"; };
		1565AC0428FEC51300B242A6 /* Base */ = {isa = PBXFileReference; lastKnownFileType = file.storyboard; name = Base; path = Base.lproj/LaunchScreen.storyboard; sourceTree = "<group>"; };
		1565AC0628FEC51300B242A6 /* Info.plist */ = {isa = PBXFileReference; lastKnownFileType = text.plist.xml; path = Info.plist; sourceTree = "<group>"; };
		1565AC0C28FEC95100B242A6 /* UILibrary.swift */ = {isa = PBXFileReference; lastKnownFileType = sourcecode.swift; path = UILibrary.swift; sourceTree = "<group>"; };
		1565AC0E28FED16400B242A6 /* Model.swift */ = {isa = PBXFileReference; lastKnownFileType = sourcecode.swift; path = Model.swift; sourceTree = "<group>"; };
		1565AC1028FED34C00B242A6 /* HostViewController.swift */ = {isa = PBXFileReference; lastKnownFileType = sourcecode.swift; path = HostViewController.swift; sourceTree = "<group>"; };
		1565AC1228FEF17700B242A6 /* TestViewController.swift */ = {isa = PBXFileReference; lastKnownFileType = sourcecode.swift; path = TestViewController.swift; sourceTree = "<group>"; };
		1565AC1428FEF32100B242A6 /* WaitingViewController.swift */ = {isa = PBXFileReference; lastKnownFileType = sourcecode.swift; path = WaitingViewController.swift; sourceTree = "<group>"; };
		1565AC1628FEF34D00B242A6 /* ResultViewController.swift */ = {isa = PBXFileReference; lastKnownFileType = sourcecode.swift; path = ResultViewController.swift; sourceTree = "<group>"; };
		15B184B2296C27DD003D0180 /* FeedbackViewController.swift */ = {isa = PBXFileReference; lastKnownFileType = sourcecode.swift; path = FeedbackViewController.swift; sourceTree = "<group>"; };
		15D8ABE0290179330070079A /* ErrorViewController.swift */ = {isa = PBXFileReference; lastKnownFileType = sourcecode.swift; path = ErrorViewController.swift; sourceTree = "<group>"; };
/* End PBXFileReference section */

/* Begin PBXFrameworksBuildPhase section */
		1565ABF228FEC51200B242A6 /* Frameworks */ = {
			isa = PBXFrameworksBuildPhase;
			buildActionMask = 2147483647;
			files = (
				15C2AF49296C63DD007F8389 /* SighticAnalytics in Frameworks */,
			);
			runOnlyForDeploymentPostprocessing = 0;
		};
/* End PBXFrameworksBuildPhase section */

/* Begin PBXGroup section */
		1517615828FFE1E900494F25 /* Views */ = {
			isa = PBXGroup;
			children = (
				1542272B294385FA005E3673 /* AlignmentHintViewController.swift */,
				15D8ABE0290179330070079A /* ErrorViewController.swift */,
				15B184B2296C27DD003D0180 /* FeedbackViewController.swift */,
				1565AC1028FED34C00B242A6 /* HostViewController.swift */,
				1565AC1628FEF34D00B242A6 /* ResultViewController.swift */,
				1565ABFC28FEC51200B242A6 /* StartViewController.swift */,
				1565AC1228FEF17700B242A6 /* TestViewController.swift */,
				1565AC0C28FEC95100B242A6 /* UILibrary.swift */,
				1565AC1428FEF32100B242A6 /* WaitingViewController.swift */,
			);
			path = Views;
			sourceTree = "<group>";
		};
		1517615928FFE1FF00494F25 /* Model */ = {
			isa = PBXGroup;
			children = (
				1565AC0E28FED16400B242A6 /* Model.swift */,
			);
			path = Model;
			sourceTree = "<group>";
		};
		1565ABEC28FEC51200B242A6 = {
			isa = PBXGroup;
			children = (
				1565ABF728FEC51200B242A6 /* SighticQuickstartUIKit */,
				1565ABF628FEC51200B242A6 /* Products */,
				15D8ABDC290177E10070079A /* Frameworks */,
			);
			sourceTree = "<group>";
		};
		1565ABF628FEC51200B242A6 /* Products */ = {
			isa = PBXGroup;
			children = (
				1565ABF528FEC51200B242A6 /* SighticQuickstartUIKit.app */,
			);
			name = Products;
			sourceTree = "<group>";
		};
		1565ABF728FEC51200B242A6 /* SighticQuickstartUIKit */ = {
			isa = PBXGroup;
			children = (
				1565ABF828FEC51200B242A6 /* AppDelegate.swift */,
				1565ABFA28FEC51200B242A6 /* SceneDelegate.swift */,
				1517615828FFE1E900494F25 /* Views */,
				1517615928FFE1FF00494F25 /* Model */,
				1565AC0128FEC51300B242A6 /* Assets.xcassets */,
				1565AC0328FEC51300B242A6 /* LaunchScreen.storyboard */,
				1565AC0628FEC51300B242A6 /* Info.plist */,
			);
			path = SighticQuickstartUIKit;
			sourceTree = "<group>";
		};
		15D8ABDC290177E10070079A /* Frameworks */ = {
			isa = PBXGroup;
			children = (
			);
			name = Frameworks;
			sourceTree = "<group>";
		};
/* End PBXGroup section */

/* Begin PBXNativeTarget section */
		1565ABF428FEC51200B242A6 /* SighticQuickstartUIKit */ = {
			isa = PBXNativeTarget;
			buildConfigurationList = 1565AC0928FEC51300B242A6 /* Build configuration list for PBXNativeTarget "SighticQuickstartUIKit" */;
			buildPhases = (
				1565ABF128FEC51200B242A6 /* Sources */,
				1565ABF228FEC51200B242A6 /* Frameworks */,
				1565ABF328FEC51200B242A6 /* Resources */,
				15D8ABDF290177E10070079A /* Embed Frameworks */,
			);
			buildRules = (
			);
			dependencies = (
			);
			name = SighticQuickstartUIKit;
			packageProductDependencies = (
				15C2AF48296C63DD007F8389 /* SighticAnalytics */,
			);
			productName = SighticQuickstartUIKit;
			productReference = 1565ABF528FEC51200B242A6 /* SighticQuickstartUIKit.app */;
			productType = "com.apple.product-type.application";
		};
/* End PBXNativeTarget section */

/* Begin PBXProject section */
		1565ABED28FEC51200B242A6 /* Project object */ = {
			isa = PBXProject;
			attributes = {
				BuildIndependentTargetsInParallel = 1;
				LastSwiftUpdateCheck = 1400;
				LastUpgradeCheck = 1400;
				TargetAttributes = {
					1565ABF428FEC51200B242A6 = {
						CreatedOnToolsVersion = 14.0.1;
					};
				};
			};
			buildConfigurationList = 1565ABF028FEC51200B242A6 /* Build configuration list for PBXProject "SighticQuickstartUIKit" */;
			compatibilityVersion = "Xcode 14.0";
			developmentRegion = en;
			hasScannedForEncodings = 0;
			knownRegions = (
				en,
				Base,
			);
			mainGroup = 1565ABEC28FEC51200B242A6;
			packageReferences = (
				15C2AF47296C63DD007F8389 /* XCRemoteSwiftPackageReference "sightic-sdk-ios" */,
			);
			productRefGroup = 1565ABF628FEC51200B242A6 /* Products */;
			projectDirPath = "";
			projectRoot = "";
			targets = (
				1565ABF428FEC51200B242A6 /* SighticQuickstartUIKit */,
			);
		};
/* End PBXProject section */

/* Begin PBXResourcesBuildPhase section */
		1565ABF328FEC51200B242A6 /* Resources */ = {
			isa = PBXResourcesBuildPhase;
			buildActionMask = 2147483647;
			files = (
				1565AC0528FEC51300B242A6 /* LaunchScreen.storyboard in Resources */,
				1565AC0228FEC51300B242A6 /* Assets.xcassets in Resources */,
			);
			runOnlyForDeploymentPostprocessing = 0;
		};
/* End PBXResourcesBuildPhase section */

/* Begin PBXSourcesBuildPhase section */
		1565ABF128FEC51200B242A6 /* Sources */ = {
			isa = PBXSourcesBuildPhase;
			buildActionMask = 2147483647;
			files = (
				1565AC1528FEF32100B242A6 /* WaitingViewController.swift in Sources */,
				1565AC1328FEF17700B242A6 /* TestViewController.swift in Sources */,
				1565ABFD28FEC51200B242A6 /* StartViewController.swift in Sources */,
				1565AC0F28FED16400B242A6 /* Model.swift in Sources */,
				1565ABF928FEC51200B242A6 /* AppDelegate.swift in Sources */,
				1565AC1128FED34C00B242A6 /* HostViewController.swift in Sources */,
				1565ABFB28FEC51200B242A6 /* SceneDelegate.swift in Sources */,
				15B184B3296C27DD003D0180 /* FeedbackViewController.swift in Sources */,
				15D8ABE1290179330070079A /* ErrorViewController.swift in Sources */,
				1565AC0D28FEC95100B242A6 /* UILibrary.swift in Sources */,
				1542272C294385FA005E3673 /* AlignmentHintViewController.swift in Sources */,
				1565AC1728FEF34D00B242A6 /* ResultViewController.swift in Sources */,
			);
			runOnlyForDeploymentPostprocessing = 0;
		};
/* End PBXSourcesBuildPhase section */

/* Begin PBXVariantGroup section */
		1565AC0328FEC51300B242A6 /* LaunchScreen.storyboard */ = {
			isa = PBXVariantGroup;
			children = (
				1565AC0428FEC51300B242A6 /* Base */,
			);
			name = LaunchScreen.storyboard;
			sourceTree = "<group>";
		};
/* End PBXVariantGroup section */

/* Begin XCBuildConfiguration section */
		1565AC0728FEC51300B242A6 /* Debug */ = {
			isa = XCBuildConfiguration;
			buildSettings = {
				ALWAYS_SEARCH_USER_PATHS = NO;
				CLANG_ANALYZER_NONNULL = YES;
				CLANG_ANALYZER_NUMBER_OBJECT_CONVERSION = YES_AGGRESSIVE;
				CLANG_CXX_LANGUAGE_STANDARD = "gnu++20";
				CLANG_ENABLE_MODULES = YES;
				CLANG_ENABLE_OBJC_ARC = YES;
				CLANG_ENABLE_OBJC_WEAK = YES;
				CLANG_WARN_BLOCK_CAPTURE_AUTORELEASING = YES;
				CLANG_WARN_BOOL_CONVERSION = YES;
				CLANG_WARN_COMMA = YES;
				CLANG_WARN_CONSTANT_CONVERSION = YES;
				CLANG_WARN_DEPRECATED_OBJC_IMPLEMENTATIONS = YES;
				CLANG_WARN_DIRECT_OBJC_ISA_USAGE = YES_ERROR;
				CLANG_WARN_DOCUMENTATION_COMMENTS = YES;
				CLANG_WARN_EMPTY_BODY = YES;
				CLANG_WARN_ENUM_CONVERSION = YES;
				CLANG_WARN_INFINITE_RECURSION = YES;
				CLANG_WARN_INT_CONVERSION = YES;
				CLANG_WARN_NON_LITERAL_NULL_CONVERSION = YES;
				CLANG_WARN_OBJC_IMPLICIT_RETAIN_SELF = YES;
				CLANG_WARN_OBJC_LITERAL_CONVERSION = YES;
				CLANG_WARN_OBJC_ROOT_CLASS = YES_ERROR;
				CLANG_WARN_QUOTED_INCLUDE_IN_FRAMEWORK_HEADER = YES;
				CLANG_WARN_RANGE_LOOP_ANALYSIS = YES;
				CLANG_WARN_STRICT_PROTOTYPES = YES;
				CLANG_WARN_SUSPICIOUS_MOVE = YES;
				CLANG_WARN_UNGUARDED_AVAILABILITY = YES_AGGRESSIVE;
				CLANG_WARN_UNREACHABLE_CODE = YES;
				CLANG_WARN__DUPLICATE_METHOD_MATCH = YES;
				COPY_PHASE_STRIP = NO;
				DEBUG_INFORMATION_FORMAT = dwarf;
				ENABLE_STRICT_OBJC_MSGSEND = YES;
				ENABLE_TESTABILITY = YES;
				GCC_C_LANGUAGE_STANDARD = gnu11;
				GCC_DYNAMIC_NO_PIC = NO;
				GCC_NO_COMMON_BLOCKS = YES;
				GCC_OPTIMIZATION_LEVEL = 0;
				GCC_PREPROCESSOR_DEFINITIONS = (
					"DEBUG=1",
					"$(inherited)",
				);
				GCC_WARN_64_TO_32_BIT_CONVERSION = YES;
				GCC_WARN_ABOUT_RETURN_TYPE = YES_ERROR;
				GCC_WARN_UNDECLARED_SELECTOR = YES;
				GCC_WARN_UNINITIALIZED_AUTOS = YES_AGGRESSIVE;
				GCC_WARN_UNUSED_FUNCTION = YES;
				GCC_WARN_UNUSED_VARIABLE = YES;
				IPHONEOS_DEPLOYMENT_TARGET = 15.0;
				MTL_ENABLE_DEBUG_INFO = INCLUDE_SOURCE;
				MTL_FAST_MATH = YES;
				ONLY_ACTIVE_ARCH = YES;
				SDKROOT = iphoneos;
				SWIFT_ACTIVE_COMPILATION_CONDITIONS = DEBUG;
				SWIFT_OPTIMIZATION_LEVEL = "-Onone";
			};
			name = Debug;
		};
		1565AC0828FEC51300B242A6 /* Release */ = {
			isa = XCBuildConfiguration;
			buildSettings = {
				ALWAYS_SEARCH_USER_PATHS = NO;
				CLANG_ANALYZER_NONNULL = YES;
				CLANG_ANALYZER_NUMBER_OBJECT_CONVERSION = YES_AGGRESSIVE;
				CLANG_CXX_LANGUAGE_STANDARD = "gnu++20";
				CLANG_ENABLE_MODULES = YES;
				CLANG_ENABLE_OBJC_ARC = YES;
				CLANG_ENABLE_OBJC_WEAK = YES;
				CLANG_WARN_BLOCK_CAPTURE_AUTORELEASING = YES;
				CLANG_WARN_BOOL_CONVERSION = YES;
				CLANG_WARN_COMMA = YES;
				CLANG_WARN_CONSTANT_CONVERSION = YES;
				CLANG_WARN_DEPRECATED_OBJC_IMPLEMENTATIONS = YES;
				CLANG_WARN_DIRECT_OBJC_ISA_USAGE = YES_ERROR;
				CLANG_WARN_DOCUMENTATION_COMMENTS = YES;
				CLANG_WARN_EMPTY_BODY = YES;
				CLANG_WARN_ENUM_CONVERSION = YES;
				CLANG_WARN_INFINITE_RECURSION = YES;
				CLANG_WARN_INT_CONVERSION = YES;
				CLANG_WARN_NON_LITERAL_NULL_CONVERSION = YES;
				CLANG_WARN_OBJC_IMPLICIT_RETAIN_SELF = YES;
				CLANG_WARN_OBJC_LITERAL_CONVERSION = YES;
				CLANG_WARN_OBJC_ROOT_CLASS = YES_ERROR;
				CLANG_WARN_QUOTED_INCLUDE_IN_FRAMEWORK_HEADER = YES;
				CLANG_WARN_RANGE_LOOP_ANALYSIS = YES;
				CLANG_WARN_STRICT_PROTOTYPES = YES;
				CLANG_WARN_SUSPICIOUS_MOVE = YES;
				CLANG_WARN_UNGUARDED_AVAILABILITY = YES_AGGRESSIVE;
				CLANG_WARN_UNREACHABLE_CODE = YES;
				CLANG_WARN__DUPLICATE_METHOD_MATCH = YES;
				COPY_PHASE_STRIP = NO;
				DEBUG_INFORMATION_FORMAT = "dwarf-with-dsym";
				ENABLE_NS_ASSERTIONS = NO;
				ENABLE_STRICT_OBJC_MSGSEND = YES;
				GCC_C_LANGUAGE_STANDARD = gnu11;
				GCC_NO_COMMON_BLOCKS = YES;
				GCC_WARN_64_TO_32_BIT_CONVERSION = YES;
				GCC_WARN_ABOUT_RETURN_TYPE = YES_ERROR;
				GCC_WARN_UNDECLARED_SELECTOR = YES;
				GCC_WARN_UNINITIALIZED_AUTOS = YES_AGGRESSIVE;
				GCC_WARN_UNUSED_FUNCTION = YES;
				GCC_WARN_UNUSED_VARIABLE = YES;
				IPHONEOS_DEPLOYMENT_TARGET = 15.0;
				MTL_ENABLE_DEBUG_INFO = NO;
				MTL_FAST_MATH = YES;
				SDKROOT = iphoneos;
				SWIFT_COMPILATION_MODE = wholemodule;
				SWIFT_OPTIMIZATION_LEVEL = "-O";
				VALIDATE_PRODUCT = YES;
			};
			name = Release;
		};
		1565AC0A28FEC51300B242A6 /* Debug */ = {
			isa = XCBuildConfiguration;
			buildSettings = {
				ASSETCATALOG_COMPILER_APPICON_NAME = AppIcon;
				ASSETCATALOG_COMPILER_GLOBAL_ACCENT_COLOR_NAME = AccentColor;
				CODE_SIGN_STYLE = Automatic;
				CURRENT_PROJECT_VERSION = 1;
				DEVELOPMENT_TEAM = 38M74ZQGUZ;
				GENERATE_INFOPLIST_FILE = YES;
				INFOPLIST_FILE = SighticQuickstartUIKit/Info.plist;
				INFOPLIST_KEY_CFBundleDisplayName = "Quickstart UIKit";
				INFOPLIST_KEY_NSCameraUsageDescription = "This app uses the camera to test for impairment.";
				INFOPLIST_KEY_UIApplicationSupportsIndirectInputEvents = YES;
				INFOPLIST_KEY_UILaunchStoryboardName = LaunchScreen;
				INFOPLIST_KEY_UIMainStoryboardFile = "";
				INFOPLIST_KEY_UISupportedInterfaceOrientations_iPad = "UIInterfaceOrientationPortrait UIInterfaceOrientationPortraitUpsideDown UIInterfaceOrientationLandscapeLeft UIInterfaceOrientationLandscapeRight";
				INFOPLIST_KEY_UISupportedInterfaceOrientations_iPhone = "UIInterfaceOrientationPortrait UIInterfaceOrientationLandscapeLeft UIInterfaceOrientationLandscapeRight";
				IPHONEOS_DEPLOYMENT_TARGET = 15.0;
				LD_RUNPATH_SEARCH_PATHS = (
					"$(inherited)",
					"@executable_path/Frameworks",
				);
				MARKETING_VERSION = 1.0;
				PRODUCT_BUNDLE_IDENTIFIER = com.sighticanalytics.SighticQuickstartUIKit;
				PRODUCT_NAME = "$(TARGET_NAME)";
				SWIFT_EMIT_LOC_STRINGS = YES;
				SWIFT_VERSION = 5.0;
				TARGETED_DEVICE_FAMILY = "1,2";
			};
			name = Debug;
		};
		1565AC0B28FEC51300B242A6 /* Release */ = {
			isa = XCBuildConfiguration;
			buildSettings = {
				ASSETCATALOG_COMPILER_APPICON_NAME = AppIcon;
				ASSETCATALOG_COMPILER_GLOBAL_ACCENT_COLOR_NAME = AccentColor;
				CODE_SIGN_STYLE = Automatic;
				CURRENT_PROJECT_VERSION = 1;
				DEVELOPMENT_TEAM = 38M74ZQGUZ;
				GENERATE_INFOPLIST_FILE = YES;
				INFOPLIST_FILE = SighticQuickstartUIKit/Info.plist;
				INFOPLIST_KEY_CFBundleDisplayName = "Quickstart UIKit";
				INFOPLIST_KEY_NSCameraUsageDescription = "This app uses the camera to test for impairment.";
				INFOPLIST_KEY_UIApplicationSupportsIndirectInputEvents = YES;
				INFOPLIST_KEY_UILaunchStoryboardName = LaunchScreen;
				INFOPLIST_KEY_UIMainStoryboardFile = "";
				INFOPLIST_KEY_UISupportedInterfaceOrientations_iPad = "UIInterfaceOrientationPortrait UIInterfaceOrientationPortraitUpsideDown UIInterfaceOrientationLandscapeLeft UIInterfaceOrientationLandscapeRight";
				INFOPLIST_KEY_UISupportedInterfaceOrientations_iPhone = "UIInterfaceOrientationPortrait UIInterfaceOrientationLandscapeLeft UIInterfaceOrientationLandscapeRight";
				IPHONEOS_DEPLOYMENT_TARGET = 15.0;
				LD_RUNPATH_SEARCH_PATHS = (
					"$(inherited)",
					"@executable_path/Frameworks",
				);
				MARKETING_VERSION = 1.0;
				PRODUCT_BUNDLE_IDENTIFIER = com.sighticanalytics.SighticQuickstartUIKit;
				PRODUCT_NAME = "$(TARGET_NAME)";
				SWIFT_EMIT_LOC_STRINGS = YES;
				SWIFT_VERSION = 5.0;
				TARGETED_DEVICE_FAMILY = "1,2";
			};
			name = Release;
		};
/* End XCBuildConfiguration section */

/* Begin XCConfigurationList section */
		1565ABF028FEC51200B242A6 /* Build configuration list for PBXProject "SighticQuickstartUIKit" */ = {
			isa = XCConfigurationList;
			buildConfigurations = (
				1565AC0728FEC51300B242A6 /* Debug */,
				1565AC0828FEC51300B242A6 /* Release */,
			);
			defaultConfigurationIsVisible = 0;
			defaultConfigurationName = Release;
		};
		1565AC0928FEC51300B242A6 /* Build configuration list for PBXNativeTarget "SighticQuickstartUIKit" */ = {
			isa = XCConfigurationList;
			buildConfigurations = (
				1565AC0A28FEC51300B242A6 /* Debug */,
				1565AC0B28FEC51300B242A6 /* Release */,
			);
			defaultConfigurationIsVisible = 0;
			defaultConfigurationName = Release;
		};
/* End XCConfigurationList section */

/* Begin XCRemoteSwiftPackageReference section */
		15C2AF47296C63DD007F8389 /* XCRemoteSwiftPackageReference "sightic-sdk-ios" */ = {
			isa = XCRemoteSwiftPackageReference;
			repositoryURL = "https://github.com/SighticAnalytics/sightic-sdk-ios/";
			requirement = {
				kind = upToNextMajorVersion;
				minimumVersion = 1.0.0;
			};
		};
/* End XCRemoteSwiftPackageReference section */

/* Begin XCSwiftPackageProductDependency section */
		15C2AF48296C63DD007F8389 /* SighticAnalytics */ = {
			isa = XCSwiftPackageProductDependency;
			package = 15C2AF47296C63DD007F8389 /* XCRemoteSwiftPackageReference "sightic-sdk-ios" */;
			productName = SighticAnalytics;
		};
/* End XCSwiftPackageProductDependency section */
	};
	rootObject = 1565ABED28FEC51200B242A6 /* Project object */;
}
