{
  "pins" : [
    {
      "identity" : "sightic-sdk-ios",
      "kind" : "remoteSourceControl",
      "location" : "https://github.com/EyescannerTechnology/sightic-sdk-ios",
      "state" : {
        "branch" : "main",
        "revision" : "248d763509692d205b358ff54b957f35fb7efacf"
      }
    }
  ],
  "version" : 2
}
