{
  "originHash" : "070a5a50d90aee1f430548e951d93067e1af5210d815e1164aaa4a4b1dcf6ad8",
  "pins" : [
    {
      "identity" : "iris-integrate-ios",
      "kind" : "remoteSourceControl",
      "location" : "https://github.com/SighticAnalytics/iris-integrate-ios",
      "state" : {
        "revision" : "ab49f7902abef8bec8d7f9a70a4ae80ccf9f7e37",
        "version" : "3.1.0"
      }
    }
  ],
  "version" : 3
}
