{
  "originHash" : "36a0c00deb5c38b135f76f726f48ca40887670d803a23cc11f9fa946e5b921cc",
  "pins" : [
    {
      "identity" : "sightic-sdk-ios",
      "kind" : "remoteSourceControl",
      "location" : "https://github.com/SighticAnalytics/sightic-sdk-ios.git",
      "state" : {
        "revision" : "77b7f0508bdfbf82a9512e6384b57f623a029310",
        "version" : "2.1.0"
      }
    }
  ],
  "version" : 3
}
