{
  "originHash" : "070a5a50d90aee1f430548e951d93067e1af5210d815e1164aaa4a4b1dcf6ad8",
  "pins" : [
    {
      "identity" : "iris-integrate-ios",
      "kind" : "remoteSourceControl",
      "location" : "https://github.com/SighticAnalytics/iris-integrate-ios",
      "state" : {
        "revision" : "77b7f0508bdfbf82a9512e6384b57f623a029310",
        "version" : "2.1.0"
      }
    }
  ],
  "version" : 3
}
